# THIS IS AN AUTOGENERATED FILE. DO NOT EDIT THIS FILE DIRECTLY.
# yarn lockfile v1


"@calcit/procs@^0.7.5":
  version "0.7.5"
  resolved "https://registry.npmmirror.com/@calcit/procs/-/procs-0.7.5.tgz#8d50a28fc25a1b5cfa67e4b94c98a155e25437d3"
  integrity sha512-E7syp1pOQYBeJpDoap2iYCC9FVv85MBH1F+RJIj2zpj+rYhfqcAhrs1jjaMdBJyfCQVDIy1pvLfTSWix36dh9Q==
  dependencies:
    "@calcit/ternary-tree" "0.0.20"
    "@cirru/parser.ts" "^0.0.6"
    "@cirru/writer.ts" "^0.1.3"

"@calcit/ternary-tree@0.0.20":
  version "0.0.20"
  resolved "https://registry.npmmirror.com/@calcit/ternary-tree/-/ternary-tree-0.0.20.tgz#db1947702af88e51af45d29c5616d6ac8b968c6c"
  integrity sha512-K2GGK9jxuP/TsphUMdDqmxexS5OfS8xu+k0PymIyUJ4qdBW+7EMwUQQM2RtZpWB6m0JvxeWSsZ6mwpdu9SaFbQ==

"@cirru/parser.ts@^0.0.6":
  version "0.0.6"
  resolved "https://registry.npmmirror.com/@cirru/parser.ts/-/parser.ts-0.0.6.tgz#b95a84e02273fcbd71ff100925782b6f86410234"
  integrity sha512-qpDNPq+IuuwYjQFI+wzpd3ntbF7lwJs90v1XWyLQbL9Ru4ld4aHxVGwW/9F/QOu5mEGCMXtagCoYDf0HtOpDZg==

"@cirru/writer.ts@^0.1.3":
  version "0.1.3"
  resolved "https://registry.npmmirror.com/@cirru/writer.ts/-/writer.ts-0.1.3.tgz#5f54bdecaa20ba3dab16cbe6da711854138a9c0a"
  integrity sha512-vJnhmhm7we5UfQIwmZfQpF3bAFbVybzT6LbmkbQHxgijaQg3gPfNVsnSIa3g3KpmWVtvkzEx+nUy5aMwsJiV1A==

"@esbuild/android-arm64@0.18.11":
  version "0.18.11"
  resolved "https://registry.npmmirror.com/@esbuild/android-arm64/-/android-arm64-0.18.11.tgz#fa6f0cc7105367cb79cc0a8bf32bf50cb1673e45"
  integrity sha512-snieiq75Z1z5LJX9cduSAjUr7vEI1OdlzFPMw0HH5YI7qQHDd3qs+WZoMrWYDsfRJSq36lIA6mfZBkvL46KoIw==

"@esbuild/android-arm@0.18.11":
  version "0.18.11"
  resolved "https://registry.npmmirror.com/@esbuild/android-arm/-/android-arm-0.18.11.tgz#ae84a410696c9f549a15be94eaececb860bacacb"
  integrity sha512-q4qlUf5ucwbUJZXF5tEQ8LF7y0Nk4P58hOsGk3ucY0oCwgQqAnqXVbUuahCddVHfrxmpyewRpiTHwVHIETYu7Q==

"@esbuild/android-x64@0.18.11":
  version "0.18.11"
  resolved "https://registry.npmmirror.com/@esbuild/android-x64/-/android-x64-0.18.11.tgz#0e58360bbc789ad0d68174d32ba20e678c2a16b6"
  integrity sha512-iPuoxQEV34+hTF6FT7om+Qwziv1U519lEOvekXO9zaMMlT9+XneAhKL32DW3H7okrCOBQ44BMihE8dclbZtTuw==

"@esbuild/darwin-arm64@0.18.11":
  version "0.18.11"
  resolved "https://registry.npmmirror.com/@esbuild/darwin-arm64/-/darwin-arm64-0.18.11.tgz#fcdcd2ef76ca656540208afdd84f284072f0d1f9"
  integrity sha512-Gm0QkI3k402OpfMKyQEEMG0RuW2LQsSmI6OeO4El2ojJMoF5NLYb3qMIjvbG/lbMeLOGiW6ooU8xqc+S0fgz2w==

"@esbuild/darwin-x64@0.18.11":
  version "0.18.11"
  resolved "https://registry.npmmirror.com/@esbuild/darwin-x64/-/darwin-x64-0.18.11.tgz#c5ac602ec0504a8ff81e876bc8a9811e94d69d37"
  integrity sha512-N15Vzy0YNHu6cfyDOjiyfJlRJCB/ngKOAvoBf1qybG3eOq0SL2Lutzz9N7DYUbb7Q23XtHPn6lMDF6uWbGv9Fw==

"@esbuild/freebsd-arm64@0.18.11":
  version "0.18.11"
  resolved "https://registry.npmmirror.com/@esbuild/freebsd-arm64/-/freebsd-arm64-0.18.11.tgz#7012fb06ee3e6e0d5560664a65f3fefbcc46db2e"
  integrity sha512-atEyuq6a3omEY5qAh5jIORWk8MzFnCpSTUruBgeyN9jZq1K/QI9uke0ATi3MHu4L8c59CnIi4+1jDKMuqmR71A==

"@esbuild/freebsd-x64@0.18.11":
  version "0.18.11"
  resolved "https://registry.npmmirror.com/@esbuild/freebsd-x64/-/freebsd-x64-0.18.11.tgz#c5de1199f70e1f97d5c8fca51afa9bf9a2af5969"
  integrity sha512-XtuPrEfBj/YYYnAAB7KcorzzpGTvOr/dTtXPGesRfmflqhA4LMF0Gh/n5+a9JBzPuJ+CGk17CA++Hmr1F/gI0Q==

"@esbuild/linux-arm64@0.18.11":
  version "0.18.11"
  resolved "https://registry.npmmirror.com/@esbuild/linux-arm64/-/linux-arm64-0.18.11.tgz#2a6d3a74e0b8b5f294e22b4515b29f76ebd42660"
  integrity sha512-c6Vh2WS9VFKxKZ2TvJdA7gdy0n6eSy+yunBvv4aqNCEhSWVor1TU43wNRp2YLO9Vng2G+W94aRz+ILDSwAiYog==

"@esbuild/linux-arm@0.18.11":
  version "0.18.11"
  resolved "https://registry.npmmirror.com/@esbuild/linux-arm/-/linux-arm-0.18.11.tgz#5175bd61b793b436e4aece6328aa0d9be07751e1"
  integrity sha512-Idipz+Taso/toi2ETugShXjQ3S59b6m62KmLHkJlSq/cBejixmIydqrtM2XTvNCywFl3VC7SreSf6NV0i6sRyg==

"@esbuild/linux-ia32@0.18.11":
  version "0.18.11"
  resolved "https://registry.npmmirror.com/@esbuild/linux-ia32/-/linux-ia32-0.18.11.tgz#20ee6cfd65a398875f321a485e7b2278e5f6f67b"
  integrity sha512-S3hkIF6KUqRh9n1Q0dSyYcWmcVa9Cg+mSoZEfFuzoYXXsk6196qndrM+ZiHNwpZKi3XOXpShZZ+9dfN5ykqjjw==

"@esbuild/linux-loong64@0.18.11":
  version "0.18.11"
  resolved "https://registry.npmmirror.com/@esbuild/linux-loong64/-/linux-loong64-0.18.11.tgz#8e7b251dede75083bf44508dab5edce3f49d052b"
  integrity sha512-MRESANOoObQINBA+RMZW+Z0TJWpibtE7cPFnahzyQHDCA9X9LOmGh68MVimZlM9J8n5Ia8lU773te6O3ILW8kw==

"@esbuild/linux-mips64el@0.18.11":
  version "0.18.11"
  resolved "https://registry.npmmirror.com/@esbuild/linux-mips64el/-/linux-mips64el-0.18.11.tgz#a3125eb48538ac4932a9d05089b157f94e443165"
  integrity sha512-qVyPIZrXNMOLYegtD1u8EBccCrBVshxMrn5MkuFc3mEVsw7CCQHaqZ4jm9hbn4gWY95XFnb7i4SsT3eflxZsUg==

"@esbuild/linux-ppc64@0.18.11":
  version "0.18.11"
  resolved "https://registry.npmmirror.com/@esbuild/linux-ppc64/-/linux-ppc64-0.18.11.tgz#842abadb7a0995bd539adee2be4d681b68279499"
  integrity sha512-T3yd8vJXfPirZaUOoA9D2ZjxZX4Gr3QuC3GztBJA6PklLotc/7sXTOuuRkhE9W/5JvJP/K9b99ayPNAD+R+4qQ==

"@esbuild/linux-riscv64@0.18.11":
  version "0.18.11"
  resolved "https://registry.npmmirror.com/@esbuild/linux-riscv64/-/linux-riscv64-0.18.11.tgz#7ce6e6cee1c72d5b4d2f4f8b6fcccf4a9bea0e28"
  integrity sha512-evUoRPWiwuFk++snjH9e2cAjF5VVSTj+Dnf+rkO/Q20tRqv+644279TZlPK8nUGunjPAtQRCj1jQkDAvL6rm2w==

"@esbuild/linux-s390x@0.18.11":
  version "0.18.11"
  resolved "https://registry.npmmirror.com/@esbuild/linux-s390x/-/linux-s390x-0.18.11.tgz#98fbc794363d02ded07d300df2e535650b297b96"
  integrity sha512-/SlRJ15XR6i93gRWquRxYCfhTeC5PdqEapKoLbX63PLCmAkXZHY2uQm2l9bN0oPHBsOw2IswRZctMYS0MijFcg==

"@esbuild/linux-x64@0.18.11":
  version "0.18.11"
  resolved "https://registry.npmmirror.com/@esbuild/linux-x64/-/linux-x64-0.18.11.tgz#f8458ec8cf74c8274e4cacd00744d8446cac52eb"
  integrity sha512-xcncej+wF16WEmIwPtCHi0qmx1FweBqgsRtEL1mSHLFR6/mb3GEZfLQnx+pUDfRDEM4DQF8dpXIW7eDOZl1IbA==

"@esbuild/netbsd-x64@0.18.11":
  version "0.18.11"
  resolved "https://registry.npmmirror.com/@esbuild/netbsd-x64/-/netbsd-x64-0.18.11.tgz#a7b2f991b8293748a7be42eac1c4325faf0c7cca"
  integrity sha512-aSjMHj/F7BuS1CptSXNg6S3M4F3bLp5wfFPIJM+Km2NfIVfFKhdmfHF9frhiCLIGVzDziggqWll0B+9AUbud/Q==

"@esbuild/openbsd-x64@0.18.11":
  version "0.18.11"
  resolved "https://registry.npmmirror.com/@esbuild/openbsd-x64/-/openbsd-x64-0.18.11.tgz#3e50923de84c54008f834221130fd23646072b2f"
  integrity sha512-tNBq+6XIBZtht0xJGv7IBB5XaSyvYPCm1PxJ33zLQONdZoLVM0bgGqUrXnJyiEguD9LU4AHiu+GCXy/Hm9LsdQ==

"@esbuild/sunos-x64@0.18.11":
  version "0.18.11"
  resolved "https://registry.npmmirror.com/@esbuild/sunos-x64/-/sunos-x64-0.18.11.tgz#ae47a550b0cd395de03606ecfba03cc96c7c19e2"
  integrity sha512-kxfbDOrH4dHuAAOhr7D7EqaYf+W45LsAOOhAet99EyuxxQmjbk8M9N4ezHcEiCYPaiW8Dj3K26Z2V17Gt6p3ng==

"@esbuild/win32-arm64@0.18.11":
  version "0.18.11"
  resolved "https://registry.npmmirror.com/@esbuild/win32-arm64/-/win32-arm64-0.18.11.tgz#05d364582b7862d7fbf4698ef43644f7346dcfcc"
  integrity sha512-Sh0dDRyk1Xi348idbal7lZyfSkjhJsdFeuC13zqdipsvMetlGiFQNdO+Yfp6f6B4FbyQm7qsk16yaZk25LChzg==

"@esbuild/win32-ia32@0.18.11":
  version "0.18.11"
  resolved "https://registry.npmmirror.com/@esbuild/win32-ia32/-/win32-ia32-0.18.11.tgz#a3372095a4a1939da672156a3c104f8ce85ee616"
  integrity sha512-o9JUIKF1j0rqJTFbIoF4bXj6rvrTZYOrfRcGyL0Vm5uJ/j5CkBD/51tpdxe9lXEDouhRgdr/BYzUrDOvrWwJpg==

"@esbuild/win32-x64@0.18.11":
  version "0.18.11"
  resolved "https://registry.npmmirror.com/@esbuild/win32-x64/-/win32-x64-0.18.11.tgz#6526c7e1b40d5b9f0a222c6b767c22f6fb97aa57"
  integrity sha512-rQI4cjLHd2hGsM1LqgDI7oOCYbQ6IBOVsX9ejuRMSze0GqXUG2ekwiKkiBU1pRGSeCqFFHxTrcEydB2Hyoz9CA==

"@pnpm/config.env-replace@^1.1.0":
  version "1.1.0"
  resolved "https://registry.npmmirror.com/@pnpm/config.env-replace/-/config.env-replace-1.1.0.tgz#ab29da53df41e8948a00f2433f085f54de8b3a4c"
  integrity sha512-htyl8TWnKL7K/ESFa1oW2UB5lVDxuF5DpM7tBi6Hu2LNL3mWkIzNLG6N4zoCUP1lCKNxWy/3iu8mS8MvToGd6w==

"@pnpm/network.ca-file@^1.0.1":
  version "1.0.2"
  resolved "https://registry.npmmirror.com/@pnpm/network.ca-file/-/network.ca-file-1.0.2.tgz#2ab05e09c1af0cdf2fcf5035bea1484e222f7983"
  integrity sha512-YcPQ8a0jwYU9bTdJDpXjMi7Brhkr1mXsXrUJvjqM2mQDgkRiz8jFaQGOdaLxgjtUfQgZhKy/O3cG/YwmgKaxLA==
  dependencies:
    graceful-fs "4.2.10"

"@pnpm/npm-conf@^2.1.0":
  version "2.2.2"
  resolved "https://registry.npmmirror.com/@pnpm/npm-conf/-/npm-conf-2.2.2.tgz#0058baf1c26cbb63a828f0193795401684ac86f0"
  integrity sha512-UA91GwWPhFExt3IizW6bOeY/pQ0BkuNwKjk9iQW9KqxluGCrg4VenZ0/L+2Y0+ZOtme72EVvg6v0zo3AMQRCeA==
  dependencies:
    "@pnpm/config.env-replace" "^1.1.0"
    "@pnpm/network.ca-file" "^1.0.1"
    config-chain "^1.1.11"

"@sindresorhus/is@^5.2.0":
  version "5.4.1"
  resolved "https://registry.npmmirror.com/@sindresorhus/is/-/is-5.4.1.tgz#c4383ce702fb90531c3d310506bab89e70427c53"
  integrity sha512-axlrvsHlHlFmKKMEg4VyvMzFr93JWJj4eIfXY1STVuO2fsImCa7ncaiG5gC8HKOX590AW5RtRsC41/B+OfrSqw==

"@szmarczak/http-timer@^5.0.1":
  version "5.0.1"
  resolved "https://registry.npmmirror.com/@szmarczak/http-timer/-/http-timer-5.0.1.tgz#c7c1bf1141cdd4751b0399c8fc7b8b664cd5be3a"
  integrity sha512-+PmQX0PiAYPMeVYe237LJAYvOMYW1j2rH5YROyS3b4CTVJum34HfRvKvAzozHAQG0TnHNdUfY9nCeUyRAs//cw==
  dependencies:
    defer-to-connect "^2.0.1"

"@types/http-cache-semantics@^4.0.1":
  version "4.0.1"
  resolved "https://registry.npmmirror.com/@types/http-cache-semantics/-/http-cache-semantics-4.0.1.tgz#0ea7b61496902b95890dc4c3a116b60cb8dae812"
  integrity sha512-SZs7ekbP8CN0txVG2xVRH6EgKmEm31BOxA07vkFaETzZz1xh+cbt8BcI0slpymvwhx5dlFnQG2rTlPVQn+iRPQ==

bottom-tip@^0.1.5:
  version "0.1.5"
  resolved "https://registry.npmmirror.com/bottom-tip/-/bottom-tip-0.1.5.tgz#ca81e738fba6ae956a5b4c55a78a127820c9b99e"
  integrity sha512-53RCkWg6hY8M7Y9lPgU2f2bAEejQh0H6SCL9B8ufFdYAOAH/cUEwxSsBIH0AcPbOcNaSgdEJr9OhdnTUENe5bA==
  dependencies:
    nanoid "^4.0.1"
    virtual-dom "^2.1.1"

browser-split@0.0.1:
  version "0.0.1"
  resolved "https://registry.npmmirror.com/browser-split/-/browser-split-0.0.1.tgz#7b097574f8e3ead606fb4664e64adfdda2981a93"
  integrity sha512-JhvgRb2ihQhsljNda3BI8/UcRHVzrVwo3Q+P8vDtSiyobXuFpuZ9mq+MbRGMnC22CjW3RrfXdg6j6ITX8M+7Ow==

cacheable-lookup@^7.0.0:
  version "7.0.0"
  resolved "https://registry.npmmirror.com/cacheable-lookup/-/cacheable-lookup-7.0.0.tgz#3476a8215d046e5a3202a9209dd13fec1f933a27"
  integrity sha512-+qJyx4xiKra8mZrcwhjMRMUhD5NR1R8esPkzIYxX96JiecFoxAXFuz/GpR3+ev4PE1WamHip78wV0vcmPQtp8w==

cacheable-request@^10.2.8:
  version "10.2.12"
  resolved "https://registry.npmmirror.com/cacheable-request/-/cacheable-request-10.2.12.tgz#05b97a3199d1ee65c360eb45c5af6191faa3ab6b"
  integrity sha512-qtWGB5kn2OLjx47pYUkWicyOpK1vy9XZhq8yRTXOy+KAmjjESSRLx6SiExnnaGGUP1NM6/vmygMu0fGylNh9tw==
  dependencies:
    "@types/http-cache-semantics" "^4.0.1"
    get-stream "^6.0.1"
    http-cache-semantics "^4.1.1"
    keyv "^4.5.2"
    mimic-response "^4.0.0"
    normalize-url "^8.0.0"
    responselike "^3.0.0"

camelize@^1.0.0:
  version "1.0.1"
  resolved "https://registry.npmmirror.com/camelize/-/camelize-1.0.1.tgz#89b7e16884056331a35d6b5ad064332c91daa6c3"
  integrity sha512-dU+Tx2fsypxTgtLoE36npi3UqcjSSMNYfkqgmoEhtZrraP5VWq0K7FkWVTYa8eMPtnU/G2txVsfdCJTn9uzpuQ==

chalk@^5.3.0:
  version "5.3.0"
  resolved "https://registry.npmmirror.com/chalk/-/chalk-5.3.0.tgz#67c20a7ebef70e7f3970a01f90fa210cb6860385"
  integrity sha512-dLitG79d+GV1Nb/VYcCDFivJeK1hiukt9QjRNVOsUtTy1rR1YJsmpGGTZ3qJos+uw7WmWF4wUwBd9jxjocFC2w==

charenc@0.0.2:
  version "0.0.2"
  resolved "https://registry.npmmirror.com/charenc/-/charenc-0.0.2.tgz#c0a1d2f3a7092e03774bfa83f14c0fc5790a8667"
  integrity sha512-yrLQ/yVUFXkzg7EDQsPieE/53+0RlaWTs+wBrvW36cyilJ2SaDWfl4Yj7MtLTXleV9uEKefbAGUPv2/iWSooRA==

classnames@^2.2.5:
  version "2.3.2"
  resolved "https://registry.npmmirror.com/classnames/-/classnames-2.3.2.tgz#351d813bf0137fcc6a76a16b88208d2560a0d924"
  integrity sha512-CSbhY4cFEJRe6/GQzIk5qXZ4Jeg5pcsP7b5peFSDpffpe1cqjASH/n9UTjBwOp6XpMSTwQ8Za2K5V02ueA7Tmw==

config-chain@^1.1.11:
  version "1.1.13"
  resolved "https://registry.npmmirror.com/config-chain/-/config-chain-1.1.13.tgz#fad0795aa6a6cdaff9ed1b68e9dff94372c232f4"
  integrity sha512-qj+f8APARXHrM0hraqXYb2/bOVSV4PvJQlNZ/DVj0QrmNM2q2euizkeuVckQ57J+W0mRH6Hvi+k50M4Jul2VRQ==
  dependencies:
    ini "^1.3.4"
    proto-list "~1.2.1"

core-js@^3.1.3:
  version "3.31.1"
  resolved "https://registry.npmmirror.com/core-js/-/core-js-3.31.1.tgz#f2b0eea9be9da0def2c5fece71064a7e5d687653"
  integrity sha512-2sKLtfq1eFST7l7v62zaqXacPc7uG8ZAya8ogijLhTtaKNcpzpB4TMoTw2Si+8GYKRwFPMMtUT0263QFWFfqyQ==

crypt@0.0.2:
  version "0.0.2"
  resolved "https://registry.npmmirror.com/crypt/-/crypt-0.0.2.tgz#88d7ff7ec0dfb86f713dc87bbb42d044d3e6c41b"
  integrity sha512-mCxBlsHFYh9C+HVpiEacem8FEBnMXgU9gy4zmNC+SXAZNB/1idgp/aulFJ4FgCi7GPEVbfyng092GqL2k2rmow==

dayjs@^1.11.9:
  version "1.11.9"
  resolved "https://registry.npmmirror.com/dayjs/-/dayjs-1.11.9.tgz#9ca491933fadd0a60a2c19f6c237c03517d71d1a"
  integrity sha512-QvzAURSbQ0pKdIye2txOzNaHmxtUBXerpY0FJsFXUMKbIZeFm5ht1LS/jFsrncjnmtv8HsG0W2g6c0zUjZWmpA==

decompress-response@^6.0.0:
  version "6.0.0"
  resolved "https://registry.npmmirror.com/decompress-response/-/decompress-response-6.0.0.tgz#ca387612ddb7e104bd16d85aab00d5ecf09c66fc"
  integrity sha512-aW35yZM6Bb/4oJlZncMH2LCoZtJXTRxES17vE3hoRiowU2kWHaJKFkSBDnDR+cm9J+9QhXmREyIfv0pji9ejCQ==
  dependencies:
    mimic-response "^3.1.0"

deep-extend@^0.6.0:
  version "0.6.0"
  resolved "https://registry.npmmirror.com/deep-extend/-/deep-extend-0.6.0.tgz#c4fa7c95404a17a9c3e8ca7e1537312b736330ac"
  integrity sha512-LOHxIOaPYdHlJRtCQfDIVZtfw/ufM8+rVj649RIHzcm/vGwQRXFt6OPqIFWsm2XEMrNIEtWR64sY1LEKD2vAOA==

defer-to-connect@^2.0.1:
  version "2.0.1"
  resolved "https://registry.npmmirror.com/defer-to-connect/-/defer-to-connect-2.0.1.tgz#8016bdb4143e4632b77a3449c6236277de520587"
  integrity sha512-4tvttepXG1VaYGrRibk5EwJd1t4udunSOVMdLSAL6mId1ix438oPwPZMALY41FCijukO1L0twNcGsdzS7dHgDg==

dom-walk@^0.1.0:
  version "0.1.2"
  resolved "https://registry.npmmirror.com/dom-walk/-/dom-walk-0.1.2.tgz#0c548bef048f4d1f2a97249002236060daa3fd84"
  integrity sha512-6QvTW9mrGeIegrFXdtQi9pk7O/nSK6lSdXW2eqUspN5LWD7UTji2Fqw5V2YLjBpHEoU9Xl/eUWNpDeZvoyOv2w==

error@^4.3.0:
  version "4.4.0"
  resolved "https://registry.npmmirror.com/error/-/error-4.4.0.tgz#bf69ff251fb4a279c19adccdaa6b61e90d9bf12a"
  integrity sha512-SNDKualLUtT4StGFP7xNfuFybL2f6iJujFtrWuvJqGbVQGaN+adE23veqzPz1hjUjTunLi2EnJ+0SJxtbJreKw==
  dependencies:
    camelize "^1.0.0"
    string-template "~0.2.0"
    xtend "~4.0.0"

esbuild@^0.18.10:
  version "0.18.11"
  resolved "https://registry.npmmirror.com/esbuild/-/esbuild-0.18.11.tgz#cbf94dc3359d57f600a0dbf281df9b1d1b4a156e"
  integrity sha512-i8u6mQF0JKJUlGR3OdFLKldJQMMs8OqM9Cc3UCi9XXziJ9WERM5bfkHaEAy0YAvPRMgqSW55W7xYn84XtEFTtA==
  optionalDependencies:
    "@esbuild/android-arm" "0.18.11"
    "@esbuild/android-arm64" "0.18.11"
    "@esbuild/android-x64" "0.18.11"
    "@esbuild/darwin-arm64" "0.18.11"
    "@esbuild/darwin-x64" "0.18.11"
    "@esbuild/freebsd-arm64" "0.18.11"
    "@esbuild/freebsd-x64" "0.18.11"
    "@esbuild/linux-arm" "0.18.11"
    "@esbuild/linux-arm64" "0.18.11"
    "@esbuild/linux-ia32" "0.18.11"
    "@esbuild/linux-loong64" "0.18.11"
    "@esbuild/linux-mips64el" "0.18.11"
    "@esbuild/linux-ppc64" "0.18.11"
    "@esbuild/linux-riscv64" "0.18.11"
    "@esbuild/linux-s390x" "0.18.11"
    "@esbuild/linux-x64" "0.18.11"
    "@esbuild/netbsd-x64" "0.18.11"
    "@esbuild/openbsd-x64" "0.18.11"
    "@esbuild/sunos-x64" "0.18.11"
    "@esbuild/win32-arm64" "0.18.11"
    "@esbuild/win32-ia32" "0.18.11"
    "@esbuild/win32-x64" "0.18.11"

ev-store@^7.0.0:
  version "7.0.0"
  resolved "https://registry.npmmirror.com/ev-store/-/ev-store-7.0.0.tgz#1ab0c7f82136505dd74b31d17701cb2be6d26558"
  integrity sha512-otazchNRnGzp2YarBJ+GXKVGvhxVATB1zmaStxJBYet0Dyq7A9VhH8IUEB/gRcL6Ch52lfpgPTRJ2m49epyMsQ==
  dependencies:
    individual "^3.0.0"

feather-icons@^4.29.0:
  version "4.29.0"
  resolved "https://registry.npmmirror.com/feather-icons/-/feather-icons-4.29.0.tgz#4e40e3cbb7bf359ffbbf700edbebdde4e4a74ab6"
  integrity sha512-Y7VqN9FYb8KdaSF0qD1081HCkm0v4Eq/fpfQYQnubpqi0hXx14k+gF9iqtRys1SIcTEi97xDi/fmsPFZ8xo0GQ==
  dependencies:
    classnames "^2.2.5"
    core-js "^3.1.3"

form-data-encoder@^2.1.2:
  version "2.1.4"
  resolved "https://registry.npmmirror.com/form-data-encoder/-/form-data-encoder-2.1.4.tgz#261ea35d2a70d48d30ec7a9603130fa5515e9cd5"
  integrity sha512-yDYSgNMraqvnxiEXO4hi88+YZxaHC6QKzb5N84iRCTDeRO7ZALpir/lVmf/uXUhnwUr2O4HU8s/n6x+yNjQkHw==

fsevents@~2.3.2:
  version "2.3.2"
  resolved "https://registry.npmmirror.com/fsevents/-/fsevents-2.3.2.tgz#8a526f78b8fdf4623b709e0b975c52c24c02fd1a"
  integrity sha512-xiqMQR4xAeHTuB9uWm+fFRcIOgKBMiOBP+eXiyT7jsgVCq1bkVygt00oASowB7EdtpOHaaPgKt812P9ab+DDKA==

get-stream@^6.0.1:
  version "6.0.1"
  resolved "https://registry.npmmirror.com/get-stream/-/get-stream-6.0.1.tgz#a262d8eef67aced57c2852ad6167526a43cbf7b7"
  integrity sha512-ts6Wi+2j3jQjqi70w5AlN8DFnkSwC+MqmxEzdEALB2qXZYV3X/b1CTfgPLGJNMeAWxdPfU8FO1ms3NUfaHCPYg==

global@^4.3.0:
  version "4.4.0"
  resolved "https://registry.npmmirror.com/global/-/global-4.4.0.tgz#3e7b105179006a323ed71aafca3e9c57a5cc6406"
  integrity sha512-wv/LAoHdRE3BeTGz53FAamhGlPLhlssK45usmGFThIi4XqnBmjKQ16u+RNbP7WvigRZDxUsM0J3gcQ5yicaL0w==
  dependencies:
    min-document "^2.19.0"
    process "^0.11.10"

got@^12.1.0:
  version "12.6.1"
  resolved "https://registry.npmmirror.com/got/-/got-12.6.1.tgz#8869560d1383353204b5a9435f782df9c091f549"
  integrity sha512-mThBblvlAF1d4O5oqyvN+ZxLAYwIJK7bpMxgYqPD9okW0C3qm5FFn7k811QrcuEBwaogR3ngOFoCfs6mRv7teQ==
  dependencies:
    "@sindresorhus/is" "^5.2.0"
    "@szmarczak/http-timer" "^5.0.1"
    cacheable-lookup "^7.0.0"
    cacheable-request "^10.2.8"
    decompress-response "^6.0.0"
    form-data-encoder "^2.1.2"
    get-stream "^6.0.1"
    http2-wrapper "^2.1.10"
    lowercase-keys "^3.0.0"
    p-cancelable "^3.0.0"
    responselike "^3.0.0"

graceful-fs@4.2.10:
  version "4.2.10"
  resolved "https://registry.npmmirror.com/graceful-fs/-/graceful-fs-4.2.10.tgz#147d3a006da4ca3ce14728c7aefc287c367d7a6c"
  integrity sha512-9ByhssR2fPVsNZj478qUUbKfmL0+t5BDVyjShtyZZLiK7ZDAArFFfopyOTj0M05wE2tJPisA4iTnnXl2YoPvOA==

http-cache-semantics@^4.1.1:
  version "4.1.1"
  resolved "https://registry.npmmirror.com/http-cache-semantics/-/http-cache-semantics-4.1.1.tgz#abe02fcb2985460bf0323be664436ec3476a6d5a"
  integrity sha512-er295DKPVsV82j5kw1Gjt+ADA/XYHsajl82cGNQG2eyoPkvgUhX+nDIyelzhIWbbsXP39EHcI6l5tYs2FYqYXQ==

http2-wrapper@^2.1.10:
  version "2.2.0"
  resolved "https://registry.npmmirror.com/http2-wrapper/-/http2-wrapper-2.2.0.tgz#b80ad199d216b7d3680195077bd7b9060fa9d7f3"
  integrity sha512-kZB0wxMo0sh1PehyjJUWRFEd99KC5TLjZ2cULC4f9iqJBAmKQQXEICjxl5iPJRwP40dpeHFqqhm7tYCvODpqpQ==
  dependencies:
    quick-lru "^5.1.1"
    resolve-alpn "^1.2.0"

individual@^3.0.0:
  version "3.0.0"
  resolved "https://registry.npmmirror.com/individual/-/individual-3.0.0.tgz#e7ca4f85f8957b018734f285750dc22ec2f9862d"
  integrity sha512-rUY5vtT748NMRbEMrTNiFfy29BgGZwGXUi2NFUVMWQrogSLzlJvQV9eeMWi+g1aVaQ53tpyLAQtd5x/JH0Nh1g==

ini@^1.3.4, ini@~1.3.0:
  version "1.3.8"
  resolved "https://registry.npmmirror.com/ini/-/ini-1.3.8.tgz#a29da425b48806f34767a4efce397269af28432c"
  integrity sha512-JV/yugV2uzW5iMRSiZAyDtQd+nxtUnjeLt0acNdw98kKLrvuRVyB80tsREOE7yvGVgalhZ6RNXCmEHkUKBKxew==

is-buffer@~1.1.6:
  version "1.1.6"
  resolved "https://registry.npmmirror.com/is-buffer/-/is-buffer-1.1.6.tgz#efaa2ea9daa0d7ab2ea13a97b2b8ad51fefbe8be"
  integrity sha512-NcdALwpXkTm5Zvvbk7owOUSvVvBKDgKP5/ewfXEznmQFfs4ZRmanOeKBTjRVjka3QFoN6XJ+9F3USqfHqTaU5w==

is-object@^1.0.1:
  version "1.0.2"
  resolved "https://registry.npmmirror.com/is-object/-/is-object-1.0.2.tgz#a56552e1c665c9e950b4a025461da87e72f86fcf"
  integrity sha512-2rRIahhZr2UWb45fIOuvZGpFtz0TyOZLf32KxBbSoUCeZR495zCKlWUKKUByk3geS2eAs7ZAABt0Y/Rx0GiQGA==

json-buffer@3.0.1:
  version "3.0.1"
  resolved "https://registry.npmmirror.com/json-buffer/-/json-buffer-3.0.1.tgz#9338802a30d3b6605fbe0613e094008ca8c05a13"
  integrity sha512-4bV5BfR2mqfQTJm+V5tPPdf+ZpuhiIvTuAB5g8kcrXOZpTT/QwwVRWBywX1ozr6lEuPdbHxwaJlm9G6mI2sfSQ==

keyv@^4.5.2:
  version "4.5.2"
  resolved "https://registry.npmmirror.com/keyv/-/keyv-4.5.2.tgz#0e310ce73bf7851ec702f2eaf46ec4e3805cce56"
  integrity sha512-5MHbFaKn8cNSmVW7BYnijeAVlE4cYA/SVkifVgrh7yotnfhKmjuXpDKjrABLnT0SfHWV21P8ow07OGfRrNDg8g==
  dependencies:
    json-buffer "3.0.1"

latest-version@^7.0.0:
  version "7.0.0"
  resolved "https://registry.npmmirror.com/latest-version/-/latest-version-7.0.0.tgz#843201591ea81a4d404932eeb61240fe04e9e5da"
  integrity sha512-KvNT4XqAMzdcL6ka6Tl3i2lYeFDgXNCuIX+xNx6ZMVR1dFq+idXd9FLKNMOIx0t9mJ9/HudyX4oZWXZQ0UJHeg==
  dependencies:
    package-json "^8.1.0"

lowercase-keys@^3.0.0:
  version "3.0.0"
  resolved "https://registry.npmmirror.com/lowercase-keys/-/lowercase-keys-3.0.0.tgz#c5e7d442e37ead247ae9db117a9d0a467c89d4f2"
  integrity sha512-ozCC6gdQ+glXOQsveKD0YsDy8DSQFjDTz4zyzEHNV5+JP5D62LmfDZ6o1cycFx9ouG940M5dE8C8CTewdj2YWQ==

lru-cache@^6.0.0:
  version "6.0.0"
  resolved "https://registry.npmmirror.com/lru-cache/-/lru-cache-6.0.0.tgz#6d6fe6570ebd96aaf90fcad1dafa3b2566db3a94"
  integrity sha512-Jo6dJ04CmSjuznwJSS3pUeWmd/H0ffTlkXXgwZi+eq1UCmqQwCh+eLsYOYCwY991i2Fah4h1BEMCx4qThGbsiA==
  dependencies:
    yallist "^4.0.0"

md5@^2.3.0:
  version "2.3.0"
  resolved "https://registry.npmmirror.com/md5/-/md5-2.3.0.tgz#c3da9a6aae3a30b46b7b0c349b87b110dc3bda4f"
  integrity sha512-T1GITYmFaKuO91vxyoQMFETst+O71VUPEU3ze5GNzDm0OWdP8v1ziTaAEPUr/3kLsY3Sftgz242A1SetQiDL7g==
  dependencies:
    charenc "0.0.2"
    crypt "0.0.2"
    is-buffer "~1.1.6"

mimic-response@^3.1.0:
  version "3.1.0"
  resolved "https://registry.npmmirror.com/mimic-response/-/mimic-response-3.1.0.tgz#2d1d59af9c1b129815accc2c46a022a5ce1fa3c9"
  integrity sha512-z0yWI+4FDrrweS8Zmt4Ej5HdJmky15+L2e6Wgn3+iK5fWzb6T3fhNFq2+MeTRb064c6Wr4N/wv0DzQTjNzHNGQ==

mimic-response@^4.0.0:
  version "4.0.0"
  resolved "https://registry.npmmirror.com/mimic-response/-/mimic-response-4.0.0.tgz#35468b19e7c75d10f5165ea25e75a5ceea7cf70f"
  integrity sha512-e5ISH9xMYU0DzrT+jl8q2ze9D6eWBto+I8CNpe+VI+K2J/F/k3PdkdTdz4wvGVH4NTpo+NRYTVIuMQEMMcsLqg==

min-document@^2.19.0:
  version "2.19.0"
  resolved "https://registry.npmmirror.com/min-document/-/min-document-2.19.0.tgz#7bd282e3f5842ed295bb748cdd9f1ffa2c824685"
  integrity sha512-9Wy1B3m3f66bPPmU5hdA4DR4PB2OfDU/+GS3yAB7IQozE3tqXaVv2zOjgla7MEGSRv95+ILmOuvhLkOK6wJtCQ==
  dependencies:
    dom-walk "^0.1.0"

minimist@^1.2.0:
  version "1.2.8"
  resolved "https://registry.npmmirror.com/minimist/-/minimist-1.2.8.tgz#c1a464e7693302e082a075cee0c057741ac4772c"
  integrity sha512-2yyAR8qBkN3YuheJanUpWC5U3bb5osDywNB8RzDVlDwDHbocAJveqqj1u8+SVD7jkWT4yvsHCpWqqWqAxb0zCA==

nanoid@^2.1.0:
  version "2.1.11"
  resolved "https://registry.npmmirror.com/nanoid/-/nanoid-2.1.11.tgz#ec24b8a758d591561531b4176a01e3ab4f0f0280"
  integrity sha512-s/snB+WGm6uwi0WjsZdaVcuf3KJXlfGl2LcxgwkEwJF0D/BWzVWAZW/XY4bFaiR7s0Jk3FPvlnepg1H1b1UwlA==

nanoid@^3.3.6:
  version "3.3.6"
  resolved "https://registry.npmmirror.com/nanoid/-/nanoid-3.3.6.tgz#443380c856d6e9f9824267d960b4236ad583ea4c"
  integrity sha512-BGcqMMJuToF7i1rt+2PWSNVnWIkGCU78jBG3RxO/bZlnZPK2Cmi2QaffxGO/2RvWi9sL+FAiRiXMgsyxQ1DIDA==

nanoid@^4.0.1, nanoid@^4.0.2:
  version "4.0.2"
  resolved "https://registry.npmmirror.com/nanoid/-/nanoid-4.0.2.tgz#140b3c5003959adbebf521c170f282c5e7f9fb9e"
  integrity sha512-7ZtY5KTCNheRGfEFxnedV5zFiORN1+Y1N6zvPTnHQd8ENUvfaDBeuJDZb2bN/oXwXxu3qkTXDzy57W5vAmDTBw==

next-tick@^0.2.2:
  version "0.2.2"
  resolved "https://registry.npmmirror.com/next-tick/-/next-tick-0.2.2.tgz#75da4a927ee5887e39065880065b7336413b310d"
  integrity sha512-f7h4svPtl+QidoBv4taKXUjJ70G2asaZ8G28nS0OkqaalX8dwwrtWtyxEDPK62AC00ur/+/E0pUwBwY5EPn15Q==

normalize-url@^8.0.0:
  version "8.0.0"
  resolved "https://registry.npmmirror.com/normalize-url/-/normalize-url-8.0.0.tgz#593dbd284f743e8dcf6a5ddf8fadff149c82701a"
  integrity sha512-uVFpKhj5MheNBJRTiMZ9pE/7hD1QTeEvugSJW/OmLzAp78PB5O6adfMNTvmfKhXBkvCzC+rqifWcVYpGFwTjnw==

p-cancelable@^3.0.0:
  version "3.0.0"
  resolved "https://registry.npmmirror.com/p-cancelable/-/p-cancelable-3.0.0.tgz#63826694b54d61ca1c20ebcb6d3ecf5e14cd8050"
  integrity sha512-mlVgR3PGuzlo0MmTdk4cXqXWlwQDLnONTAg6sm62XkMJEiRxN3GL3SffkYvqwonbkJBcrI7Uvv5Zh9yjvn2iUw==

package-json@^8.1.0:
  version "8.1.1"
  resolved "https://registry.npmmirror.com/package-json/-/package-json-8.1.1.tgz#3e9948e43df40d1e8e78a85485f1070bf8f03dc8"
  integrity sha512-cbH9IAIJHNj9uXi196JVsRlt7cHKak6u/e6AkL/bkRelZ7rlL3X1YKxsZwa36xipOEKAsdtmaG6aAJoM1fx2zA==
  dependencies:
    got "^12.1.0"
    registry-auth-token "^5.0.1"
    registry-url "^6.0.0"
    semver "^7.3.7"

picocolors@^1.0.0:
  version "1.0.0"
  resolved "https://registry.npmmirror.com/picocolors/-/picocolors-1.0.0.tgz#cb5bdc74ff3f51892236eaf79d68bc44564ab81c"
  integrity sha512-1fygroTLlHu66zi26VoTDv8yRgm0Fccecssto+MhsZ0D/DGW2sm8E8AjW7NU5VVTRt5GxbeZ5qBuJr+HyLYkjQ==

postcss@^8.4.24:
  version "8.4.25"
  resolved "https://registry.npmmirror.com/postcss/-/postcss-8.4.25.tgz#4a133f5e379eda7f61e906c3b1aaa9b81292726f"
  integrity sha512-7taJ/8t2av0Z+sQEvNzCkpDynl0tX3uJMCODi6nT3PfASC7dYCWV9aQ+uiCf+KBD4SEFcu+GvJdGdwzQ6OSjCw==
  dependencies:
    nanoid "^3.3.6"
    picocolors "^1.0.0"
    source-map-js "^1.0.2"

process@^0.11.10:
  version "0.11.10"
  resolved "https://registry.npmmirror.com/process/-/process-0.11.10.tgz#7332300e840161bda3e69a1d1d91a7d4bc16f182"
  integrity sha512-cdGef/drWFoydD1JsMzuFf8100nZl+GT+yacc2bEced5f9Rjk4z+WtFUTBu9PhOi9j/jfmBPu0mMEY4wIdAF8A==

proto-list@~1.2.1:
  version "1.2.4"
  resolved "https://registry.npmmirror.com/proto-list/-/proto-list-1.2.4.tgz#212d5bfe1318306a420f6402b8e26ff39647a849"
  integrity sha512-vtK/94akxsTMhe0/cbfpR+syPuszcuwhqVjJq26CuNDgFGj682oRBXOP5MJpv2r7JtE8MsiepGIqvvOTBwn2vA==

querystringify@^2.1.1:
  version "2.2.0"
  resolved "https://registry.npmmirror.com/querystringify/-/querystringify-2.2.0.tgz#3345941b4153cb9d082d8eee4cda2016a9aef7f6"
  integrity sha512-FIqgj2EUvTa7R50u0rGsyTftzjYmv/a3hO345bZNrqabNqjtgiDMgmo4mkUjd+nzU5oF3dClKqFIPUKybUyqoQ==

quick-lru@^5.1.1:
  version "5.1.1"
  resolved "https://registry.npmmirror.com/quick-lru/-/quick-lru-5.1.1.tgz#366493e6b3e42a3a6885e2e99d18f80fb7a8c932"
  integrity sha512-WuyALRjWPDGtt/wzJiadO5AXY+8hZ80hVpe6MyivgraREW751X3SbhRvG3eLKOYN+8VEvqLcf3wdnt44Z4S4SA==

randomcolor@^0.6.2:
  version "0.6.2"
  resolved "https://registry.npmmirror.com/randomcolor/-/randomcolor-0.6.2.tgz#7a57362ae1a1278439aeed2c15e5deb8ea33f56d"
  integrity sha512-Mn6TbyYpFgwFuQ8KJKqf3bqqY9O1y37/0jgSK/61PUxV4QfIMv0+K2ioq8DfOjkBslcjwSzRfIDEXfzA9aCx7A==

rc@1.2.8:
  version "1.2.8"
  resolved "https://registry.npmmirror.com/rc/-/rc-1.2.8.tgz#cd924bf5200a075b83c188cd6b9e211b7fc0d3ed"
  integrity sha512-y3bGgqKj3QBdxLbLkomlohkvsA8gdAiUQlSBJnBhfn+BPxg4bc62d8TcBW15wavDfgexCgccckhcZvywyQYPOw==
  dependencies:
    deep-extend "^0.6.0"
    ini "~1.3.0"
    minimist "^1.2.0"
    strip-json-comments "~2.0.1"

registry-auth-token@^5.0.1:
  version "5.0.2"
  resolved "https://registry.npmmirror.com/registry-auth-token/-/registry-auth-token-5.0.2.tgz#8b026cc507c8552ebbe06724136267e63302f756"
  integrity sha512-o/3ikDxtXaA59BmZuZrJZDJv8NMDGSj+6j6XaeBmHw8eY1i1qd9+6H+LjVvQXx3HN6aRCGa1cUdJ9RaJZUugnQ==
  dependencies:
    "@pnpm/npm-conf" "^2.1.0"

registry-url@^6.0.0:
  version "6.0.1"
  resolved "https://registry.npmmirror.com/registry-url/-/registry-url-6.0.1.tgz#056d9343680f2f64400032b1e199faa692286c58"
  integrity sha512-+crtS5QjFRqFCoQmvGduwYWEBng99ZvmFvF+cUJkGYF1L1BfU8C6Zp9T7f5vPAwyLkUExpvK+ANVZmGU49qi4Q==
  dependencies:
    rc "1.2.8"

requires-port@^1.0.0:
  version "1.0.0"
  resolved "https://registry.npmmirror.com/requires-port/-/requires-port-1.0.0.tgz#925d2601d39ac485e091cf0da5c6e694dc3dcaff"
  integrity sha512-KigOCHcocU3XODJxsu8i/j8T9tzT4adHiecwORRQ0ZZFcp7ahwXuRU1m+yuO90C5ZUyGeGfocHDI14M3L3yDAQ==

resolve-alpn@^1.2.0:
  version "1.2.1"
  resolved "https://registry.npmmirror.com/resolve-alpn/-/resolve-alpn-1.2.1.tgz#b7adbdac3546aaaec20b45e7d8265927072726f9"
  integrity sha512-0a1F4l73/ZFZOakJnQ3FvkJ2+gSTQWz/r2KE5OdDY0TxPm5h4GkqkWWfM47T7HsbnOtcJVEF4epCVy6u7Q3K+g==

responselike@^3.0.0:
  version "3.0.0"
  resolved "https://registry.npmmirror.com/responselike/-/responselike-3.0.0.tgz#20decb6c298aff0dbee1c355ca95461d42823626"
  integrity sha512-40yHxbNcl2+rzXvZuVkrYohathsSJlMTXKryG5y8uciHv1+xDLHQpgjG64JUO9nrEq2jGLH6IZ8BcZyw3wrweg==
  dependencies:
    lowercase-keys "^3.0.0"

rollup@^3.25.2:
  version "3.26.2"
  resolved "https://registry.npmmirror.com/rollup/-/rollup-3.26.2.tgz#2e76a37606cb523fc9fef43e6f59c93f86d95e7c"
  integrity sha512-6umBIGVz93er97pMgQO08LuH3m6PUb3jlDUUGFsNJB6VgTCUaDFpupf5JfU30529m/UKOgmiX+uY6Sx8cOYpLA==
  optionalDependencies:
    fsevents "~2.3.2"

semver@^7.3.7:
  version "7.5.4"
  resolved "https://registry.npmmirror.com/semver/-/semver-7.5.4.tgz#483986ec4ed38e1c6c48c34894a9182dbff68a6e"
  integrity sha512-1bCSESV6Pv+i21Hvpxp3Dx+pSD8lIPt8uVjRrxAUt/nbswYc+tK6Y2btiULjd4+fnq15PX+nqQDC7Oft7WkwcA==
  dependencies:
    lru-cache "^6.0.0"

shortid@^2.2.16:
  version "2.2.16"
  resolved "https://registry.npmmirror.com/shortid/-/shortid-2.2.16.tgz#b742b8f0cb96406fd391c76bfc18a67a57fe5608"
  integrity sha512-Ugt+GIZqvGXCIItnsL+lvFJOiN7RYqlGy7QE41O3YC1xbNSeDGIRO7xg2JJXIAj1cAGnOeC1r7/T9pgrtQbv4g==
  dependencies:
    nanoid "^2.1.0"

source-map-js@^1.0.2:
  version "1.0.2"
  resolved "https://registry.npmmirror.com/source-map-js/-/source-map-js-1.0.2.tgz#adbc361d9c62df380125e7f161f71c826f1e490c"
  integrity sha512-R0XvVJ9WusLiqTCEiGCmICCMplcCkIwwR11mOSD9CR5u+IXYdiseeEuXCVAjS54zqwkLcPNnmU4OeJ6tUrWhDw==

string-template@~0.2.0:
  version "0.2.1"
  resolved "https://registry.npmmirror.com/string-template/-/string-template-0.2.1.tgz#42932e598a352d01fc22ec3367d9d84eec6c9add"
  integrity sha512-Yptehjogou2xm4UJbxJ4CxgZx12HBfeystp0y3x7s4Dj32ltVVG1Gg8YhKjHZkHicuKpZX/ffilA8505VbUbpw==

strip-json-comments@~2.0.1:
  version "2.0.1"
  resolved "https://registry.npmmirror.com/strip-json-comments/-/strip-json-comments-2.0.1.tgz#3c531942e908c2697c0ec344858c286c7ca0a60a"
  integrity sha512-4gB8na07fecVVkOI6Rs4e7T6NOTki5EmL7TUduTs6bu3EdnSycntVJ4re8kgZA+wx9IueI2Y11bfbgwtzuE0KQ==

url-parse@^1.5.10:
  version "1.5.10"
  resolved "https://registry.npmmirror.com/url-parse/-/url-parse-1.5.10.tgz#9d3c2f736c1d75dd3bd2be507dcc111f1e2ea9c1"
  integrity sha512-WypcfiRhfeUP9vvF0j6rw0J3hrWrw6iZv3+22h6iRMJ/8z1Tj6XfLP4DsUix5MhMPnXpiHDoKyoZ/bdCkwBCiQ==
  dependencies:
    querystringify "^2.1.1"
    requires-port "^1.0.0"

virtual-dom@^2.1.1:
  version "2.1.1"
  resolved "https://registry.npmmirror.com/virtual-dom/-/virtual-dom-2.1.1.tgz#80eda2d481b9ede0c049118cefcb4a05f21d1375"
  integrity sha512-wb6Qc9Lbqug0kRqo/iuApfBpJJAq14Sk1faAnSmtqXiwahg7PVTvWMs9L02Z8nNIMqbwsxzBAA90bbtRLbw0zg==
  dependencies:
    browser-split "0.0.1"
    error "^4.3.0"
    ev-store "^7.0.0"
    global "^4.3.0"
    is-object "^1.0.1"
    next-tick "^0.2.2"
    x-is-array "0.1.0"
    x-is-string "0.1.0"

vite@^4.4.2:
  version "4.4.2"
  resolved "https://registry.npmmirror.com/vite/-/vite-4.4.2.tgz#acd47de771c498aec80e4900f30133d9529b278a"
  integrity sha512-zUcsJN+UvdSyHhYa277UHhiJ3iq4hUBwHavOpsNUGsTgjBeoBlK8eDt+iT09pBq0h9/knhG/SPrZiM7cGmg7NA==
  dependencies:
    esbuild "^0.18.10"
    postcss "^8.4.24"
    rollup "^3.25.2"
  optionalDependencies:
    fsevents "~2.3.2"

ws@^8.13.0:
  version "8.13.0"
  resolved "https://registry.npmmirror.com/ws/-/ws-8.13.0.tgz#9a9fb92f93cf41512a0735c8f4dd09b8a1211cd0"
  integrity sha512-x9vcZYTrFPC7aSIbj7sRCYo7L/Xb8Iy+pW0ng0wt2vCJv7M9HOMy0UoN3rr+IFC7hb7vXoqS+P9ktyLLLhO+LA==

x-is-array@0.1.0:
  version "0.1.0"
  resolved "https://registry.npmmirror.com/x-is-array/-/x-is-array-0.1.0.tgz#de520171d47b3f416f5587d629b89d26b12dc29d"
  integrity sha512-goHPif61oNrr0jJgsXRfc8oqtYzvfiMJpTqwE7Z4y9uH+T3UozkGqQ4d2nX9mB9khvA8U2o/UbPOFjgC7hLWIA==

x-is-string@0.1.0:
  version "0.1.0"
  resolved "https://registry.npmmirror.com/x-is-string/-/x-is-string-0.1.0.tgz#474b50865af3a49a9c4657f05acd145458f77d82"
  integrity sha512-GojqklwG8gpzOVEVki5KudKNoq7MbbjYZCbyWzEz7tyPA7eleiE0+ePwOWQQRb5fm86rD3S8Tc0tSFf3AOv50w==

xtend@~4.0.0:
  version "4.0.2"
  resolved "https://registry.npmmirror.com/xtend/-/xtend-4.0.2.tgz#bb72779f5fa465186b1f438f674fa347fdb5db54"
  integrity sha512-LKYU1iAXJXUgAXn9URjiu+MWhyUXHsvfp7mcuYm9dSUKK0/CjtrUwFAxD82/mCWbtLsGjFIad0wIsod4zrTAEQ==

yallist@^4.0.0:
  version "4.0.0"
  resolved "https://registry.npmmirror.com/yallist/-/yallist-4.0.0.tgz#9bb92790d9c0effec63be73519e11a35019a3a72"
  integrity sha512-3wdGidZyq5PB084XLES5TpOSRA3wjXAlIWMhum2kRcv/41Sn2emQ0dycQW4uZXLejwKvg6EsvbdlVL+FYEct7A==
